
Microsoft Visual Studio Solution File, Format Version 12.00
# Visual Studio Version 16
VisualStudioVersion = 16.0.31729.503
MinimumVisualStudioVersion = 10.0.40219.1
Project("{FAE04EC0-301F-11D3-BF4B-00C04F79EFBC}") = "Lab6", "Lab6\Lab6.csproj", "{6EDD6182-13F2-412A-971F-2BCF5DE07E1A}"
EndProject
Global
	GlobalSection(SolutionConfigurationPlatforms) = preSolution
		Debug|Any CPU = Debug|Any CPU
		Release|Any CPU = Release|Any CPU
	EndGlobalSection
	GlobalSection(ProjectConfigurationPlatforms) = postSolution
		{6EDD6182-13F2-412A-971F-2BCF5DE07E1A}.Debug|Any CPU.ActiveCfg = Debug|Any CPU
		{6EDD6182-13F2-412A-971F-2BCF5DE07E1A}.Debug|Any CPU.Build.0 = Debug|Any CPU
		{6EDD6182-13F2-412A-971F-2BCF5DE07E1A}.Release|Any CPU.ActiveCfg = Release|Any CPU
		{6EDD6182-13F2-412A-971F-2BCF5DE07E1A}.Release|Any CPU.Build.0 = Release|Any CPU
	EndGlobalSection
	GlobalSection(SolutionProperties) = preSolution
		HideSolutionNode = FALSE
	EndGlobalSection
	GlobalSection(ExtensibilityGlobals) = postSolution
		SolutionGuid = {D23F7701-81B1-47BA-9F00-EF170999218F}
	EndGlobalSection
EndGlobal
