
Microsoft Visual Studio Solution File, Format Version 12.00
# Visual Studio Version 17
VisualStudioVersion = 17.2.32516.85
MinimumVisualStudioVersion = 10.0.40219.1
Project("{FAE04EC0-301F-11D3-BF4B-00C04F79EFBC}") = "Project15", "Project15\Project15.csproj", "{18F3105B-33A4-4B9C-80F6-7848E3ACA595}"
EndProject
Global
	GlobalSection(SolutionConfigurationPlatforms) = preSolution
		Debug|Any CPU = Debug|Any CPU
		Release|Any CPU = Release|Any CPU
	EndGlobalSection
	GlobalSection(ProjectConfigurationPlatforms) = postSolution
		{18F3105B-33A4-4B9C-80F6-7848E3ACA595}.Debug|Any CPU.ActiveCfg = Debug|Any CPU
		{18F3105B-33A4-4B9C-80F6-7848E3ACA595}.Debug|Any CPU.Build.0 = Debug|Any CPU
		{18F3105B-33A4-4B9C-80F6-7848E3ACA595}.Release|Any CPU.ActiveCfg = Release|Any CPU
		{18F3105B-33A4-4B9C-80F6-7848E3ACA595}.Release|Any CPU.Build.0 = Release|Any CPU
	EndGlobalSection
	GlobalSection(SolutionProperties) = preSolution
		HideSolutionNode = FALSE
	EndGlobalSection
	GlobalSection(ExtensibilityGlobals) = postSolution
		SolutionGuid = {77646EC9-963F-4233-966C-50E558942123}
	EndGlobalSection
EndGlobal
