
Microsoft Visual Studio Solution File, Format Version 12.00
# Visual Studio Version 16
VisualStudioVersion = 16.0.31005.135
MinimumVisualStudioVersion = 10.0.40219.1
Project("{FAE04EC0-301F-11D3-BF4B-00C04F79EFBC}") = "Gutnov232", "Gutnov232.csproj", "{C5D69DD5-42A7-48E4-8D2E-C1C91C283F12}"
EndProject
Global
	GlobalSection(SolutionConfigurationPlatforms) = preSolution
		Debug|Any CPU = Debug|Any CPU
		Release|Any CPU = Release|Any CPU
	EndGlobalSection
	GlobalSection(ProjectConfigurationPlatforms) = postSolution
		{C5D69DD5-42A7-48E4-8D2E-C1C91C283F12}.Debug|Any CPU.ActiveCfg = Debug|Any CPU
		{C5D69DD5-42A7-48E4-8D2E-C1C91C283F12}.Debug|Any CPU.Build.0 = Debug|Any CPU
		{C5D69DD5-42A7-48E4-8D2E-C1C91C283F12}.Release|Any CPU.ActiveCfg = Release|Any CPU
		{C5D69DD5-42A7-48E4-8D2E-C1C91C283F12}.Release|Any CPU.Build.0 = Release|Any CPU
	EndGlobalSection
	GlobalSection(SolutionProperties) = preSolution
		HideSolutionNode = FALSE
	EndGlobalSection
	GlobalSection(ExtensibilityGlobals) = postSolution
		SolutionGuid = {E3D6B82E-9E82-4E71-AC7C-34095E917814}
	EndGlobalSection
EndGlobal
