
Microsoft Visual Studio Solution File, Format Version 12.00
# Visual Studio Version 17
VisualStudioVersion = 17.2.32516.85
MinimumVisualStudioVersion = 10.0.40219.1
Project("{FAE04EC0-301F-11D3-BF4B-00C04F79EFBC}") = "ClassLibrary5Unit", "ClassLibrary5Unit\ClassLibrary5Unit.csproj", "{3E08D348-BB3F-4A54-A413-AC5E24D18F0A}"
EndProject
Global
	GlobalSection(SolutionConfigurationPlatforms) = preSolution
		Debug|Any CPU = Debug|Any CPU
		Release|Any CPU = Release|Any CPU
	EndGlobalSection
	GlobalSection(ProjectConfigurationPlatforms) = postSolution
		{3E08D348-BB3F-4A54-A413-AC5E24D18F0A}.Debug|Any CPU.ActiveCfg = Debug|Any CPU
		{3E08D348-BB3F-4A54-A413-AC5E24D18F0A}.Debug|Any CPU.Build.0 = Debug|Any CPU
		{3E08D348-BB3F-4A54-A413-AC5E24D18F0A}.Release|Any CPU.ActiveCfg = Release|Any CPU
		{3E08D348-BB3F-4A54-A413-AC5E24D18F0A}.Release|Any CPU.Build.0 = Release|Any CPU
	EndGlobalSection
	GlobalSection(SolutionProperties) = preSolution
		HideSolutionNode = FALSE
	EndGlobalSection
	GlobalSection(ExtensibilityGlobals) = postSolution
		SolutionGuid = {AA8B5757-E946-4296-B509-7FC668558D44}
	EndGlobalSection
EndGlobal
