
Microsoft Visual Studio Solution File, Format Version 12.00
# Visual Studio Version 16
VisualStudioVersion = 16.0.31702.278
MinimumVisualStudioVersion = 10.0.40219.1
Project("{FAE04EC0-301F-11D3-BF4B-00C04F79EFBC}") = "SourseOfStrengh", "SourseOfStrengh\SourseOfStrengh.csproj", "{AC660721-E39B-4EF1-A493-34F951FF7A0A}"
EndProject
Global
	GlobalSection(SolutionConfigurationPlatforms) = preSolution
		Debug|Any CPU = Debug|Any CPU
		Release|Any CPU = Release|Any CPU
	EndGlobalSection
	GlobalSection(ProjectConfigurationPlatforms) = postSolution
		{AC660721-E39B-4EF1-A493-34F951FF7A0A}.Debug|Any CPU.ActiveCfg = Debug|Any CPU
		{AC660721-E39B-4EF1-A493-34F951FF7A0A}.Debug|Any CPU.Build.0 = Debug|Any CPU
		{AC660721-E39B-4EF1-A493-34F951FF7A0A}.Release|Any CPU.ActiveCfg = Release|Any CPU
		{AC660721-E39B-4EF1-A493-34F951FF7A0A}.Release|Any CPU.Build.0 = Release|Any CPU
	EndGlobalSection
	GlobalSection(SolutionProperties) = preSolution
		HideSolutionNode = FALSE
	EndGlobalSection
	GlobalSection(ExtensibilityGlobals) = postSolution
		SolutionGuid = {1A8B8A8D-8EA2-4D12-82B8-1C8E864156C1}
	EndGlobalSection
EndGlobal
