
Microsoft Visual Studio Solution File, Format Version 12.00
# Visual Studio Version 17
VisualStudioVersion = 17.2.32516.85
MinimumVisualStudioVersion = 10.0.40219.1
Project("{FAE04EC0-301F-11D3-BF4B-00C04F79EFBC}") = "GameOfTowers", "GameOfTowers\GameOfTowers.csproj", "{939B1818-2AE7-4BF1-81E0-AB337AD445DA}"
EndProject
Global
	GlobalSection(SolutionConfigurationPlatforms) = preSolution
		Debug|Any CPU = Debug|Any CPU
		Release|Any CPU = Release|Any CPU
	EndGlobalSection
	GlobalSection(ProjectConfigurationPlatforms) = postSolution
		{939B1818-2AE7-4BF1-81E0-AB337AD445DA}.Debug|Any CPU.ActiveCfg = Debug|Any CPU
		{939B1818-2AE7-4BF1-81E0-AB337AD445DA}.Debug|Any CPU.Build.0 = Debug|Any CPU
		{939B1818-2AE7-4BF1-81E0-AB337AD445DA}.Release|Any CPU.ActiveCfg = Release|Any CPU
		{939B1818-2AE7-4BF1-81E0-AB337AD445DA}.Release|Any CPU.Build.0 = Release|Any CPU
	EndGlobalSection
	GlobalSection(SolutionProperties) = preSolution
		HideSolutionNode = FALSE
	EndGlobalSection
	GlobalSection(ExtensibilityGlobals) = postSolution
		SolutionGuid = {205F9E3C-9A2E-4AAF-86E0-C12F91D254E4}
	EndGlobalSection
EndGlobal
