
Microsoft Visual Studio Solution File, Format Version 12.00
# Visual Studio Version 17
VisualStudioVersion = 17.2.32516.85
MinimumVisualStudioVersion = 10.0.40219.1
Project("{FAE04EC0-301F-11D3-BF4B-00C04F79EFBC}") = "WpfApp1", "WpfApp1\WpfApp1.csproj", "{8A4A7A8F-788A-48CE-BD28-A7398D10771A}"
EndProject
Global
	GlobalSection(SolutionConfigurationPlatforms) = preSolution
		Debug|Any CPU = Debug|Any CPU
		Release|Any CPU = Release|Any CPU
	EndGlobalSection
	GlobalSection(ProjectConfigurationPlatforms) = postSolution
		{8A4A7A8F-788A-48CE-BD28-A7398D10771A}.Debug|Any CPU.ActiveCfg = Debug|Any CPU
		{8A4A7A8F-788A-48CE-BD28-A7398D10771A}.Debug|Any CPU.Build.0 = Debug|Any CPU
		{8A4A7A8F-788A-48CE-BD28-A7398D10771A}.Release|Any CPU.ActiveCfg = Release|Any CPU
		{8A4A7A8F-788A-48CE-BD28-A7398D10771A}.Release|Any CPU.Build.0 = Release|Any CPU
	EndGlobalSection
	GlobalSection(SolutionProperties) = preSolution
		HideSolutionNode = FALSE
	EndGlobalSection
	GlobalSection(ExtensibilityGlobals) = postSolution
		SolutionGuid = {1A891C64-37FD-4B8D-91A3-971CF099E9F9}
	EndGlobalSection
EndGlobal
