
Microsoft Visual Studio Solution File, Format Version 12.00
# Visual Studio Version 17
VisualStudioVersion = 17.2.32516.85
MinimumVisualStudioVersion = 10.0.40219.1
Project("{FAE04EC0-301F-11D3-BF4B-00C04F79EFBC}") = "Chemist", "Chemist\Chemist.csproj", "{DCAF540E-6492-4A5B-A046-90BC082733A5}"
EndProject
Global
	GlobalSection(SolutionConfigurationPlatforms) = preSolution
		Debug|Any CPU = Debug|Any CPU
		Release|Any CPU = Release|Any CPU
	EndGlobalSection
	GlobalSection(ProjectConfigurationPlatforms) = postSolution
		{DCAF540E-6492-4A5B-A046-90BC082733A5}.Debug|Any CPU.ActiveCfg = Debug|Any CPU
		{DCAF540E-6492-4A5B-A046-90BC082733A5}.Debug|Any CPU.Build.0 = Debug|Any CPU
		{DCAF540E-6492-4A5B-A046-90BC082733A5}.Release|Any CPU.ActiveCfg = Release|Any CPU
		{DCAF540E-6492-4A5B-A046-90BC082733A5}.Release|Any CPU.Build.0 = Release|Any CPU
	EndGlobalSection
	GlobalSection(SolutionProperties) = preSolution
		HideSolutionNode = FALSE
	EndGlobalSection
	GlobalSection(ExtensibilityGlobals) = postSolution
		SolutionGuid = {2A13F7E8-F01B-4FE9-9572-2EF006141537}
	EndGlobalSection
EndGlobal
